// !$*UTF8*$!
{
	archiveVersion = 1;
	classes = {
	};
	objectVersion = 46;
	objects = {

/* Begin PBXBuildFile section */
		AA1FD2761B2D28C300764C66 /* Images.xcassets in Resources */ = {isa = PBXBuildFile; fileRef = AA1FD2751B2D28C300764C66 /* Images.xcassets */; };
		AA55F4A21B31D78100C2F560 /* Settings.save.bundle in Resources */ = {isa = PBXBuildFile; fileRef = AA55F4A11B31D78100C2F560 /* Settings.save.bundle */; };
		AA55F4A41B31D79200C2F560 /* DLog.m in Sources */ = {isa = PBXBuildFile; fileRef = AA55F4A31B31D79200C2F560 /* DLog.m */; };
		AA55F4A61B31D79E00C2F560 /* Settings.bundle in Resources */ = {isa = PBXBuildFile; fileRef = AA55F4A51B31D79E00C2F560 /* Settings.bundle */; };
		AA603B4F17BDD9B200255E8D /* UIKit.framework in Frameworks */ = {isa = PBXBuildFile; fileRef = AA603B4E17BDD9B200255E8D /* UIKit.framework */; };
		AA603B5117BDD9B200255E8D /* Foundation.framework in Frameworks */ = {isa = PBXBuildFile; fileRef = AA603B5017BDD9B200255E8D /* Foundation.framework */; };
		AA603B5317BDD9B200255E8D /* CoreGraphics.framework in Frameworks */ = {isa = PBXBuildFile; fileRef = AA603B5217BDD9B200255E8D /* CoreGraphics.framework */; };
		AA603B5917BDD9B200255E8D /* InfoPlist.strings in Resources */ = {isa = PBXBuildFile; fileRef = AA603B5717BDD9B200255E8D /* InfoPlist.strings */; };
		AA603B5B17BDD9B200255E8D /* main.m in Sources */ = {isa = PBXBuildFile; fileRef = AA603B5A17BDD9B200255E8D /* main.m */; };
		AA603B8017BDDA2A00255E8D /* AppViewController.m in Sources */ = {isa = PBXBuildFile; fileRef = AA603B7E17BDDA2A00255E8D /* AppViewController.m */; };
		AA603B8117BDDA2A00255E8D /* AppViewController.xib in Resources */ = {isa = PBXBuildFile; fileRef = AA603B7F17BDDA2A00255E8D /* AppViewController.xib */; };
		AA603B8317BDDA6000255E8D /* CoreBluetooth.framework in Frameworks */ = {isa = PBXBuildFile; fileRef = AA603B8217BDDA6000255E8D /* CoreBluetooth.framework */; };
		AA603B8517BDDAA300255E8D /* QuartzCore.framework in Frameworks */ = {isa = PBXBuildFile; fileRef = AA603B8417BDDAA300255E8D /* QuartzCore.framework */; };
		AADAF9751B2749BC00C942D8 /* CustomCellBackground.m in Sources */ = {isa = PBXBuildFile; fileRef = AADAF92D1B2749BC00C942D8 /* CustomCellBackground.m */; };
		AADAF9761B2749BC00C942D8 /* disconnect.png in Resources */ = {isa = PBXBuildFile; fileRef = AADAF92E1B2749BC00C942D8 /* disconnect.png */; };
		AADAF9771B2749BC00C942D8 /* lock.png in Resources */ = {isa = PBXBuildFile; fileRef = AADAF9301B2749BC00C942D8 /* lock.png */; };
		AADAF9781B2749BC00C942D8 /* Utility.m in Sources */ = {isa = PBXBuildFile; fileRef = AADAF9341B2749BC00C942D8 /* Utility.m */; };
		AADAF9791B2749BC00C942D8 /* BLEOperations.m in Sources */ = {isa = PBXBuildFile; fileRef = AADAF9371B2749BC00C942D8 /* BLEOperations.m */; };
		AADAF97A1B2749BC00C942D8 /* DFUHelper.m in Sources */ = {isa = PBXBuildFile; fileRef = AADAF9391B2749BC00C942D8 /* DFUHelper.m */; };
		AADAF97B1B2749BC00C942D8 /* DFUOperations.m in Sources */ = {isa = PBXBuildFile; fileRef = AADAF93B1B2749BC00C942D8 /* DFUOperations.m */; };
		AADAF97C1B2749BC00C942D8 /* DFUOperationsDetails.m in Sources */ = {isa = PBXBuildFile; fileRef = AADAF93D1B2749BC00C942D8 /* DFUOperationsDetails.m */; };
		AADAF97D1B2749BC00C942D8 /* FileOperations.m in Sources */ = {isa = PBXBuildFile; fileRef = AADAF93F1B2749BC00C942D8 /* FileOperations.m */; };
		AADAF97E1B2749BC00C942D8 /* AccessFileSystem.m in Sources */ = {isa = PBXBuildFile; fileRef = AADAF9421B2749BC00C942D8 /* AccessFileSystem.m */; };
		AADAF97F1B2749BC00C942D8 /* IntelHex2BinConverter.m in Sources */ = {isa = PBXBuildFile; fileRef = AADAF9451B2749BC00C942D8 /* IntelHex2BinConverter.m */; };
		AADAF9801B2749BC00C942D8 /* InitData.m in Sources */ = {isa = PBXBuildFile; fileRef = AADAF9481B2749BC00C942D8 /* InitData.m */; };
		AADAF9811B2749BC00C942D8 /* JsonParser.m in Sources */ = {isa = PBXBuildFile; fileRef = AADAF94A1B2749BC00C942D8 /* JsonParser.m */; };
		AADAF9821B2749BC00C942D8 /* libz.dylib in Frameworks */ = {isa = PBXBuildFile; fileRef = AADAF94B1B2749BC00C942D8 /* libz.dylib */; };
		AADAF9831B2749BC00C942D8 /* OTABootloaderViewController.m in Sources */ = {isa = PBXBuildFile; fileRef = AADAF94D1B2749BC00C942D8 /* OTABootloaderViewController.m */; };
		AADAF9841B2749BC00C942D8 /* OTABootloaderViewController.xib in Resources */ = {isa = PBXBuildFile; fileRef = AADAF94E1B2749BC00C942D8 /* OTABootloaderViewController.xib */; };
		AADAF9861B2749BC00C942D8 /* ioapi.c in Sources */ = {isa = PBXBuildFile; fileRef = AADAF9541B2749BC00C942D8 /* ioapi.c */; };
		AADAF9871B2749BC00C942D8 /* mztools.c in Sources */ = {isa = PBXBuildFile; fileRef = AADAF9561B2749BC00C942D8 /* mztools.c */; };
		AADAF9881B2749BC00C942D8 /* unzip.c in Sources */ = {isa = PBXBuildFile; fileRef = AADAF9581B2749BC00C942D8 /* unzip.c */; };
		AADAF9891B2749BC00C942D8 /* zip.c in Sources */ = {isa = PBXBuildFile; fileRef = AADAF95A1B2749BC00C942D8 /* zip.c */; };
		AADAF98A1B2749BC00C942D8 /* SSZipArchive.m in Sources */ = {isa = PBXBuildFile; fileRef = AADAF95D1B2749BC00C942D8 /* SSZipArchive.m */; };
		AADAF98B1B2749BC00C942D8 /* UnzipFirmware.m in Sources */ = {isa = PBXBuildFile; fileRef = AADAF95F1B2749BC00C942D8 /* UnzipFirmware.m */; };
		AADAF98C1B2749BC00C942D8 /* ReconnectViewController.m in Sources */ = {isa = PBXBuildFile; fileRef = AADAF9611B2749BC00C942D8 /* ReconnectViewController.m */; };
		AADAF98D1B2749BC00C942D8 /* ReconnectViewController.xib in Resources */ = {isa = PBXBuildFile; fileRef = AADAF9621B2749BC00C942D8 /* ReconnectViewController.xib */; };
		AADAF98E1B2749BC00C942D8 /* ScanViewController.m in Sources */ = {isa = PBXBuildFile; fileRef = AADAF9641B2749BC00C942D8 /* ScanViewController.m */; };
		AADAF98F1B2749BC00C942D8 /* signal0.png in Resources */ = {isa = PBXBuildFile; fileRef = AADAF9651B2749BC00C942D8 /* signal0.png */; };
		AADAF9901B2749BC00C942D8 /* signal1.png in Resources */ = {isa = PBXBuildFile; fileRef = AADAF9661B2749BC00C942D8 /* signal1.png */; };
		AADAF9911B2749BC00C942D8 /* signal2.png in Resources */ = {isa = PBXBuildFile; fileRef = AADAF9671B2749BC00C942D8 /* signal2.png */; };
		AADAF9921B2749BC00C942D8 /* signal3.png in Resources */ = {isa = PBXBuildFile; fileRef = AADAF9681B2749BC00C942D8 /* signal3.png */; };
		AADAF9951B2749BC00C942D8 /* Simblee.m in Sources */ = {isa = PBXBuildFile; fileRef = AADAF96C1B2749BC00C942D8 /* Simblee.m */; };
		AADAF9961B2749BC00C942D8 /* SimbleeManager.m in Sources */ = {isa = PBXBuildFile; fileRef = AADAF96F1B2749BC00C942D8 /* SimbleeManager.m */; };
		AADAF9971B2749BC00C942D8 /* UIAlertViewBlock.m in Sources */ = {isa = PBXBuildFile; fileRef = AADAF9711B2749BC00C942D8 /* UIAlertViewBlock.m */; };
		AADAF9981B2749BC00C942D8 /* unlock.png in Resources */ = {isa = PBXBuildFile; fileRef = AADAF9721B2749BC00C942D8 /* unlock.png */; };
		AADAF9991B2749BC00C942D8 /* Util.m in Sources */ = {isa = PBXBuildFile; fileRef = AADAF9741B2749BC00C942D8 /* Util.m */; };
		AADAF9A41B274A5A00C942D8 /* AppDelegate.m in Sources */ = {isa = PBXBuildFile; fileRef = AADAF9A31B274A5A00C942D8 /* AppDelegate.m */; };
		AAEF68161B2FC92400991808 /* ScanViewRow.m in Sources */ = {isa = PBXBuildFile; fileRef = AAEF68151B2FC92400991808 /* ScanViewRow.m */; };
/* End PBXBuildFile section */

/* Begin PBXFileReference section */
		AA1FD2751B2D28C300764C66 /* Images.xcassets */ = {isa = PBXFileReference; lastKnownFileType = folder.assetcatalog; path = Images.xcassets; sourceTree = "<group>"; };
		AA55F4A11B31D78100C2F560 /* Settings.save.bundle */ = {isa = PBXFileReference; lastKnownFileType = "wrapper.plug-in"; path = Settings.save.bundle; sourceTree = "<group>"; };
		AA55F4A31B31D79200C2F560 /* DLog.m */ = {isa = PBXFileReference; fileEncoding = 4; lastKnownFileType = sourcecode.c.objc; path = DLog.m; sourceTree = "<group>"; };
		AA55F4A51B31D79E00C2F560 /* Settings.bundle */ = {isa = PBXFileReference; lastKnownFileType = "wrapper.plug-in"; path = Settings.bundle; sourceTree = "<group>"; };
		AA603B4B17BDD9B200255E8D /* simbleeServo.app */ = {isa = PBXFileReference; explicitFileType = wrapper.application; includeInIndex = 0; path = simbleeServo.app; sourceTree = BUILT_PRODUCTS_DIR; };
		AA603B4E17BDD9B200255E8D /* UIKit.framework */ = {isa = PBXFileReference; lastKnownFileType = wrapper.framework; name = UIKit.framework; path = System/Library/Frameworks/UIKit.framework; sourceTree = SDKROOT; };
		AA603B5017BDD9B200255E8D /* Foundation.framework */ = {isa = PBXFileReference; lastKnownFileType = wrapper.framework; name = Foundation.framework; path = System/Library/Frameworks/Foundation.framework; sourceTree = SDKROOT; };
		AA603B5217BDD9B200255E8D /* CoreGraphics.framework */ = {isa = PBXFileReference; lastKnownFileType = wrapper.framework; name = CoreGraphics.framework; path = System/Library/Frameworks/CoreGraphics.framework; sourceTree = SDKROOT; };
		AA603B5617BDD9B200255E8D /* simbleeServo-Info.plist */ = {isa = PBXFileReference; lastKnownFileType = text.plist.xml; path = "simbleeServo-Info.plist"; sourceTree = "<group>"; };
		AA603B5817BDD9B200255E8D /* en */ = {isa = PBXFileReference; lastKnownFileType = text.plist.strings; name = en; path = en.lproj/InfoPlist.strings; sourceTree = "<group>"; };
		AA603B5A17BDD9B200255E8D /* main.m */ = {isa = PBXFileReference; lastKnownFileType = sourcecode.c.objc; path = main.m; sourceTree = "<group>"; };
		AA603B5C17BDD9B200255E8D /* simbleeServo-Prefix.pch */ = {isa = PBXFileReference; lastKnownFileType = sourcecode.c.h; path = "simbleeServo-Prefix.pch"; sourceTree = "<group>"; };
		AA603B7D17BDDA2A00255E8D /* AppViewController.h */ = {isa = PBXFileReference; fileEncoding = 4; lastKnownFileType = sourcecode.c.h; path = AppViewController.h; sourceTree = "<group>"; };
		AA603B7E17BDDA2A00255E8D /* AppViewController.m */ = {isa = PBXFileReference; fileEncoding = 4; lastKnownFileType = sourcecode.c.objc; path = AppViewController.m; sourceTree = "<group>"; };
		AA603B7F17BDDA2A00255E8D /* AppViewController.xib */ = {isa = PBXFileReference; fileEncoding = 4; lastKnownFileType = file.xib; path = AppViewController.xib; sourceTree = "<group>"; };
		AA603B8217BDDA6000255E8D /* CoreBluetooth.framework */ = {isa = PBXFileReference; lastKnownFileType = wrapper.framework; name = CoreBluetooth.framework; path = System/Library/Frameworks/CoreBluetooth.framework; sourceTree = SDKROOT; };
		AA603B8417BDDAA300255E8D /* QuartzCore.framework */ = {isa = PBXFileReference; lastKnownFileType = wrapper.framework; name = QuartzCore.framework; path = System/Library/Frameworks/QuartzCore.framework; sourceTree = SDKROOT; };
		AADAF92C1B2749BC00C942D8 /* CustomCellBackground.h */ = {isa = PBXFileReference; fileEncoding = 4; lastKnownFileType = sourcecode.c.h; path = CustomCellBackground.h; sourceTree = "<group>"; };
		AADAF92D1B2749BC00C942D8 /* CustomCellBackground.m */ = {isa = PBXFileReference; fileEncoding = 4; lastKnownFileType = sourcecode.c.objc; path = CustomCellBackground.m; sourceTree = "<group>"; };
		AADAF92E1B2749BC00C942D8 /* disconnect.png */ = {isa = PBXFileReference; lastKnownFileType = image.png; path = disconnect.png; sourceTree = "<group>"; };
		AADAF92F1B2749BC00C942D8 /* DLog.h */ = {isa = PBXFileReference; fileEncoding = 4; lastKnownFileType = sourcecode.c.h; path = DLog.h; sourceTree = "<group>"; };
		AADAF9301B2749BC00C942D8 /* lock.png */ = {isa = PBXFileReference; lastKnownFileType = image.png; path = lock.png; sourceTree = "<group>"; };
		AADAF9331B2749BC00C942D8 /* Utility.h */ = {isa = PBXFileReference; fileEncoding = 4; lastKnownFileType = sourcecode.c.h; path = Utility.h; sourceTree = "<group>"; };
		AADAF9341B2749BC00C942D8 /* Utility.m */ = {isa = PBXFileReference; fileEncoding = 4; lastKnownFileType = sourcecode.c.objc; path = Utility.m; sourceTree = "<group>"; };
		AADAF9361B2749BC00C942D8 /* BLEOperations.h */ = {isa = PBXFileReference; fileEncoding = 4; lastKnownFileType = sourcecode.c.h; path = BLEOperations.h; sourceTree = "<group>"; };
		AADAF9371B2749BC00C942D8 /* BLEOperations.m */ = {isa = PBXFileReference; fileEncoding = 4; lastKnownFileType = sourcecode.c.objc; path = BLEOperations.m; sourceTree = "<group>"; };
		AADAF9381B2749BC00C942D8 /* DFUHelper.h */ = {isa = PBXFileReference; fileEncoding = 4; lastKnownFileType = sourcecode.c.h; path = DFUHelper.h; sourceTree = "<group>"; };
		AADAF9391B2749BC00C942D8 /* DFUHelper.m */ = {isa = PBXFileReference; fileEncoding = 4; lastKnownFileType = sourcecode.c.objc; path = DFUHelper.m; sourceTree = "<group>"; };
		AADAF93A1B2749BC00C942D8 /* DFUOperations.h */ = {isa = PBXFileReference; fileEncoding = 4; lastKnownFileType = sourcecode.c.h; path = DFUOperations.h; sourceTree = "<group>"; };
		AADAF93B1B2749BC00C942D8 /* DFUOperations.m */ = {isa = PBXFileReference; fileEncoding = 4; lastKnownFileType = sourcecode.c.objc; path = DFUOperations.m; sourceTree = "<group>"; };
		AADAF93C1B2749BC00C942D8 /* DFUOperationsDetails.h */ = {isa = PBXFileReference; fileEncoding = 4; lastKnownFileType = sourcecode.c.h; path = DFUOperationsDetails.h; sourceTree = "<group>"; };
		AADAF93D1B2749BC00C942D8 /* DFUOperationsDetails.m */ = {isa = PBXFileReference; fileEncoding = 4; lastKnownFileType = sourcecode.c.objc; path = DFUOperationsDetails.m; sourceTree = "<group>"; };
		AADAF93E1B2749BC00C942D8 /* FileOperations.h */ = {isa = PBXFileReference; fileEncoding = 4; lastKnownFileType = sourcecode.c.h; path = FileOperations.h; sourceTree = "<group>"; };
		AADAF93F1B2749BC00C942D8 /* FileOperations.m */ = {isa = PBXFileReference; fileEncoding = 4; lastKnownFileType = sourcecode.c.objc; path = FileOperations.m; sourceTree = "<group>"; };
		AADAF9411B2749BC00C942D8 /* AccessFileSystem.h */ = {isa = PBXFileReference; fileEncoding = 4; lastKnownFileType = sourcecode.c.h; path = AccessFileSystem.h; sourceTree = "<group>"; };
		AADAF9421B2749BC00C942D8 /* AccessFileSystem.m */ = {isa = PBXFileReference; fileEncoding = 4; lastKnownFileType = sourcecode.c.objc; path = AccessFileSystem.m; sourceTree = "<group>"; };
		AADAF9441B2749BC00C942D8 /* IntelHex2BinConverter.h */ = {isa = PBXFileReference; fileEncoding = 4; lastKnownFileType = sourcecode.c.h; path = IntelHex2BinConverter.h; sourceTree = "<group>"; };
		AADAF9451B2749BC00C942D8 /* IntelHex2BinConverter.m */ = {isa = PBXFileReference; fileEncoding = 4; lastKnownFileType = sourcecode.c.objc; path = IntelHex2BinConverter.m; sourceTree = "<group>"; };
		AADAF9471B2749BC00C942D8 /* InitData.h */ = {isa = PBXFileReference; fileEncoding = 4; lastKnownFileType = sourcecode.c.h; path = InitData.h; sourceTree = "<group>"; };
		AADAF9481B2749BC00C942D8 /* InitData.m */ = {isa = PBXFileReference; fileEncoding = 4; lastKnownFileType = sourcecode.c.objc; path = InitData.m; sourceTree = "<group>"; };
		AADAF9491B2749BC00C942D8 /* JsonParser.h */ = {isa = PBXFileReference; fileEncoding = 4; lastKnownFileType = sourcecode.c.h; path = JsonParser.h; sourceTree = "<group>"; };
		AADAF94A1B2749BC00C942D8 /* JsonParser.m */ = {isa = PBXFileReference; fileEncoding = 4; lastKnownFileType = sourcecode.c.objc; path = JsonParser.m; sourceTree = "<group>"; };
		AADAF94B1B2749BC00C942D8 /* libz.dylib */ = {isa = PBXFileReference; lastKnownFileType = "compiled.mach-o.dylib"; path = libz.dylib; sourceTree = "<group>"; };
		AADAF94C1B2749BC00C942D8 /* OTABootloaderViewController.h */ = {isa = PBXFileReference; fileEncoding = 4; lastKnownFileType = sourcecode.c.h; path = OTABootloaderViewController.h; sourceTree = "<group>"; };
		AADAF94D1B2749BC00C942D8 /* OTABootloaderViewController.m */ = {isa = PBXFileReference; fileEncoding = 4; lastKnownFileType = sourcecode.c.objc; path = OTABootloaderViewController.m; sourceTree = "<group>"; };
		AADAF94E1B2749BC00C942D8 /* OTABootloaderViewController.xib */ = {isa = PBXFileReference; fileEncoding = 4; lastKnownFileType = file.xib; path = OTABootloaderViewController.xib; sourceTree = "<group>"; };
		AADAF9531B2749BC00C942D8 /* crypt.h */ = {isa = PBXFileReference; fileEncoding = 4; lastKnownFileType = sourcecode.c.h; path = crypt.h; sourceTree = "<group>"; };
		AADAF9541B2749BC00C942D8 /* ioapi.c */ = {isa = PBXFileReference; fileEncoding = 4; lastKnownFileType = sourcecode.c.c; path = ioapi.c; sourceTree = "<group>"; };
		AADAF9551B2749BC00C942D8 /* ioapi.h */ = {isa = PBXFileReference; fileEncoding = 4; lastKnownFileType = sourcecode.c.h; path = ioapi.h; sourceTree = "<group>"; };
		AADAF9561B2749BC00C942D8 /* mztools.c */ = {isa = PBXFileReference; fileEncoding = 4; lastKnownFileType = sourcecode.c.c; path = mztools.c; sourceTree = "<group>"; };
		AADAF9571B2749BC00C942D8 /* mztools.h */ = {isa = PBXFileReference; fileEncoding = 4; lastKnownFileType = sourcecode.c.h; path = mztools.h; sourceTree = "<group>"; };
		AADAF9581B2749BC00C942D8 /* unzip.c */ = {isa = PBXFileReference; fileEncoding = 4; lastKnownFileType = sourcecode.c.c; path = unzip.c; sourceTree = "<group>"; };
		AADAF9591B2749BC00C942D8 /* unzip.h */ = {isa = PBXFileReference; fileEncoding = 4; lastKnownFileType = sourcecode.c.h; path = unzip.h; sourceTree = "<group>"; };
		AADAF95A1B2749BC00C942D8 /* zip.c */ = {isa = PBXFileReference; fileEncoding = 4; lastKnownFileType = sourcecode.c.c; path = zip.c; sourceTree = "<group>"; };
		AADAF95B1B2749BC00C942D8 /* zip.h */ = {isa = PBXFileReference; fileEncoding = 4; lastKnownFileType = sourcecode.c.h; path = zip.h; sourceTree = "<group>"; };
		AADAF95C1B2749BC00C942D8 /* SSZipArchive.h */ = {isa = PBXFileReference; fileEncoding = 4; lastKnownFileType = sourcecode.c.h; path = SSZipArchive.h; sourceTree = "<group>"; };
		AADAF95D1B2749BC00C942D8 /* SSZipArchive.m */ = {isa = PBXFileReference; fileEncoding = 4; lastKnownFileType = sourcecode.c.objc; path = SSZipArchive.m; sourceTree = "<group>"; };
		AADAF95E1B2749BC00C942D8 /* UnzipFirmware.h */ = {isa = PBXFileReference; fileEncoding = 4; lastKnownFileType = sourcecode.c.h; path = UnzipFirmware.h; sourceTree = "<group>"; };
		AADAF95F1B2749BC00C942D8 /* UnzipFirmware.m */ = {isa = PBXFileReference; fileEncoding = 4; lastKnownFileType = sourcecode.c.objc; path = UnzipFirmware.m; sourceTree = "<group>"; };
		AADAF9601B2749BC00C942D8 /* ReconnectViewController.h */ = {isa = PBXFileReference; fileEncoding = 4; lastKnownFileType = sourcecode.c.h; path = ReconnectViewController.h; sourceTree = "<group>"; };
		AADAF9611B2749BC00C942D8 /* ReconnectViewController.m */ = {isa = PBXFileReference; fileEncoding = 4; lastKnownFileType = sourcecode.c.objc; path = ReconnectViewController.m; sourceTree = "<group>"; };
		AADAF9621B2749BC00C942D8 /* ReconnectViewController.xib */ = {isa = PBXFileReference; fileEncoding = 4; lastKnownFileType = file.xib; path = ReconnectViewController.xib; sourceTree = "<group>"; };
		AADAF9631B2749BC00C942D8 /* ScanViewController.h */ = {isa = PBXFileReference; fileEncoding = 4; lastKnownFileType = sourcecode.c.h; path = ScanViewController.h; sourceTree = "<group>"; };
		AADAF9641B2749BC00C942D8 /* ScanViewController.m */ = {isa = PBXFileReference; fileEncoding = 4; lastKnownFileType = sourcecode.c.objc; path = ScanViewController.m; sourceTree = "<group>"; };
		AADAF9651B2749BC00C942D8 /* signal0.png */ = {isa = PBXFileReference; lastKnownFileType = image.png; path = signal0.png; sourceTree = "<group>"; };
		AADAF9661B2749BC00C942D8 /* signal1.png */ = {isa = PBXFileReference; lastKnownFileType = image.png; path = signal1.png; sourceTree = "<group>"; };
		AADAF9671B2749BC00C942D8 /* signal2.png */ = {isa = PBXFileReference; lastKnownFileType = image.png; path = signal2.png; sourceTree = "<group>"; };
		AADAF9681B2749BC00C942D8 /* signal3.png */ = {isa = PBXFileReference; lastKnownFileType = image.png; path = signal3.png; sourceTree = "<group>"; };
		AADAF96B1B2749BC00C942D8 /* Simblee.h */ = {isa = PBXFileReference; fileEncoding = 4; lastKnownFileType = sourcecode.c.h; path = Simblee.h; sourceTree = "<group>"; };
		AADAF96C1B2749BC00C942D8 /* Simblee.m */ = {isa = PBXFileReference; fileEncoding = 4; lastKnownFileType = sourcecode.c.objc; path = Simblee.m; sourceTree = "<group>"; };
		AADAF96D1B2749BC00C942D8 /* SimbleeDelegate.h */ = {isa = PBXFileReference; fileEncoding = 4; lastKnownFileType = sourcecode.c.h; path = SimbleeDelegate.h; sourceTree = "<group>"; };
		AADAF96E1B2749BC00C942D8 /* SimbleeManager.h */ = {isa = PBXFileReference; fileEncoding = 4; lastKnownFileType = sourcecode.c.h; path = SimbleeManager.h; sourceTree = "<group>"; };
		AADAF96F1B2749BC00C942D8 /* SimbleeManager.m */ = {isa = PBXFileReference; fileEncoding = 4; lastKnownFileType = sourcecode.c.objc; path = SimbleeManager.m; sourceTree = "<group>"; };
		AADAF9701B2749BC00C942D8 /* UIAlertViewBlock.h */ = {isa = PBXFileReference; fileEncoding = 4; lastKnownFileType = sourcecode.c.h; path = UIAlertViewBlock.h; sourceTree = "<group>"; };
		AADAF9711B2749BC00C942D8 /* UIAlertViewBlock.m */ = {isa = PBXFileReference; fileEncoding = 4; lastKnownFileType = sourcecode.c.objc; path = UIAlertViewBlock.m; sourceTree = "<group>"; };
		AADAF9721B2749BC00C942D8 /* unlock.png */ = {isa = PBXFileReference; lastKnownFileType = image.png; path = unlock.png; sourceTree = "<group>"; };
		AADAF9731B2749BC00C942D8 /* Util.h */ = {isa = PBXFileReference; fileEncoding = 4; lastKnownFileType = sourcecode.c.h; path = Util.h; sourceTree = "<group>"; };
		AADAF9741B2749BC00C942D8 /* Util.m */ = {isa = PBXFileReference; fileEncoding = 4; lastKnownFileType = sourcecode.c.objc; path = Util.m; sourceTree = "<group>"; };
		AADAF9A21B274A5A00C942D8 /* AppDelegate.h */ = {isa = PBXFileReference; fileEncoding = 4; lastKnownFileType = sourcecode.c.h; path = AppDelegate.h; sourceTree = "<group>"; };
		AADAF9A31B274A5A00C942D8 /* AppDelegate.m */ = {isa = PBXFileReference; fileEncoding = 4; lastKnownFileType = sourcecode.c.objc; path = AppDelegate.m; sourceTree = "<group>"; };
		AAEF68141B2FC92400991808 /* ScanViewRow.h */ = {isa = PBXFileReference; fileEncoding = 4; lastKnownFileType = sourcecode.c.h; path = ScanViewRow.h; sourceTree = "<group>"; };
		AAEF68151B2FC92400991808 /* ScanViewRow.m */ = {isa = PBXFileReference; fileEncoding = 4; lastKnownFileType = sourcecode.c.objc; path = ScanViewRow.m; sourceTree = "<group>"; };
/* End PBXFileReference section */

/* Begin PBXFrameworksBuildPhase section */
		AA603B4817BDD9B200255E8D /* Frameworks */ = {
			isa = PBXFrameworksBuildPhase;
			buildActionMask = 2147483647;
			files = (
				AA603B8517BDDAA300255E8D /* QuartzCore.framework in Frameworks */,
				AA603B8317BDDA6000255E8D /* CoreBluetooth.framework in Frameworks */,
				AA603B4F17BDD9B200255E8D /* UIKit.framework in Frameworks */,
				AA603B5117BDD9B200255E8D /* Foundation.framework in Frameworks */,
				AA603B5317BDD9B200255E8D /* CoreGraphics.framework in Frameworks */,
				AADAF9821B2749BC00C942D8 /* libz.dylib in Frameworks */,
			);
			runOnlyForDeploymentPostprocessing = 0;
		};
/* End PBXFrameworksBuildPhase section */

/* Begin PBXGroup section */
		AA603B4217BDD9B200255E8D = {
			isa = PBXGroup;
			children = (
				AADAF92B1B2749BC00C942D8 /* simblee */,
				AA603B5417BDD9B200255E8D /* simbleeServo */,
				AA603B4D17BDD9B200255E8D /* Frameworks */,
				AA603B4C17BDD9B200255E8D /* Products */,
			);
			sourceTree = "<group>";
		};
		AA603B4C17BDD9B200255E8D /* Products */ = {
			isa = PBXGroup;
			children = (
				AA603B4B17BDD9B200255E8D /* simbleeServo.app */,
			);
			name = Products;
			sourceTree = "<group>";
		};
		AA603B4D17BDD9B200255E8D /* Frameworks */ = {
			isa = PBXGroup;
			children = (
				AA603B8417BDDAA300255E8D /* QuartzCore.framework */,
				AA603B8217BDDA6000255E8D /* CoreBluetooth.framework */,
				AA603B4E17BDD9B200255E8D /* UIKit.framework */,
				AA603B5017BDD9B200255E8D /* Foundation.framework */,
				AA603B5217BDD9B200255E8D /* CoreGraphics.framework */,
			);
			name = Frameworks;
			sourceTree = "<group>";
		};
		AA603B5417BDD9B200255E8D /* simbleeServo */ = {
			isa = PBXGroup;
			children = (
				AA55F4A51B31D79E00C2F560 /* Settings.bundle */,
				AADAF9A21B274A5A00C942D8 /* AppDelegate.h */,
				AADAF9A31B274A5A00C942D8 /* AppDelegate.m */,
				AA603B7D17BDDA2A00255E8D /* AppViewController.h */,
				AA603B7E17BDDA2A00255E8D /* AppViewController.m */,
				AA603B7F17BDDA2A00255E8D /* AppViewController.xib */,
				AA1FD2751B2D28C300764C66 /* Images.xcassets */,
				AA603B5517BDD9B200255E8D /* Supporting Files */,
			);
			path = simbleeServo;
			sourceTree = "<group>";
		};
		AA603B5517BDD9B200255E8D /* Supporting Files */ = {
			isa = PBXGroup;
			children = (
				AA603B5617BDD9B200255E8D /* simbleeServo-Info.plist */,
				AA603B5717BDD9B200255E8D /* InfoPlist.strings */,
				AA603B5A17BDD9B200255E8D /* main.m */,
				AA603B5C17BDD9B200255E8D /* simbleeServo-Prefix.pch */,
			);
			name = "Supporting Files";
			sourceTree = "<group>";
		};
		AADAF92B1B2749BC00C942D8 /* simblee */ = {
			isa = PBXGroup;
			children = (
				AADAF9311B2749BC00C942D8 /* OTA Bootloader */,
				AADAF9651B2749BC00C942D8 /* signal0.png */,
				AADAF9661B2749BC00C942D8 /* signal1.png */,
				AADAF9671B2749BC00C942D8 /* signal2.png */,
				AADAF9681B2749BC00C942D8 /* signal3.png */,
				AADAF92E1B2749BC00C942D8 /* disconnect.png */,
				AADAF9301B2749BC00C942D8 /* lock.png */,
				AADAF9721B2749BC00C942D8 /* unlock.png */,
				AADAF92F1B2749BC00C942D8 /* DLog.h */,
				AA55F4A31B31D79200C2F560 /* DLog.m */,
				AADAF9731B2749BC00C942D8 /* Util.h */,
				AADAF9741B2749BC00C942D8 /* Util.m */,
				AADAF9701B2749BC00C942D8 /* UIAlertViewBlock.h */,
				AADAF9711B2749BC00C942D8 /* UIAlertViewBlock.m */,
				AADAF92C1B2749BC00C942D8 /* CustomCellBackground.h */,
				AADAF92D1B2749BC00C942D8 /* CustomCellBackground.m */,
				AADAF96B1B2749BC00C942D8 /* Simblee.h */,
				AADAF96C1B2749BC00C942D8 /* Simblee.m */,
				AADAF96D1B2749BC00C942D8 /* SimbleeDelegate.h */,
				AADAF96E1B2749BC00C942D8 /* SimbleeManager.h */,
				AADAF96F1B2749BC00C942D8 /* SimbleeManager.m */,
				AAEF68141B2FC92400991808 /* ScanViewRow.h */,
				AAEF68151B2FC92400991808 /* ScanViewRow.m */,
				AADAF9631B2749BC00C942D8 /* ScanViewController.h */,
				AADAF9641B2749BC00C942D8 /* ScanViewController.m */,
				AADAF9601B2749BC00C942D8 /* ReconnectViewController.h */,
				AADAF9611B2749BC00C942D8 /* ReconnectViewController.m */,
				AADAF9621B2749BC00C942D8 /* ReconnectViewController.xib */,
			);
			name = simblee;
			path = ../simblee;
			sourceTree = "<group>";
		};
		AADAF9311B2749BC00C942D8 /* OTA Bootloader */ = {
			isa = PBXGroup;
			children = (
				AADAF9321B2749BC00C942D8 /* Constants */,
				AADAF9351B2749BC00C942D8 /* DFU Implementation */,
				AADAF9401B2749BC00C942D8 /* File Selection */,
				AADAF9431B2749BC00C942D8 /* Hex to Bin Converter */,
				AADAF9461B2749BC00C942D8 /* JSON Parser */,
				AADAF94B1B2749BC00C942D8 /* libz.dylib */,
				AADAF94C1B2749BC00C942D8 /* OTABootloaderViewController.h */,
				AADAF94D1B2749BC00C942D8 /* OTABootloaderViewController.m */,
				AADAF94E1B2749BC00C942D8 /* OTABootloaderViewController.xib */,
				AA55F4A11B31D78100C2F560 /* Settings.save.bundle */,
				AADAF9501B2749BC00C942D8 /* Unzip */,
			);
			path = "OTA Bootloader";
			sourceTree = "<group>";
		};
		AADAF9321B2749BC00C942D8 /* Constants */ = {
			isa = PBXGroup;
			children = (
				AADAF9331B2749BC00C942D8 /* Utility.h */,
				AADAF9341B2749BC00C942D8 /* Utility.m */,
			);
			path = Constants;
			sourceTree = "<group>";
		};
		AADAF9351B2749BC00C942D8 /* DFU Implementation */ = {
			isa = PBXGroup;
			children = (
				AADAF9361B2749BC00C942D8 /* BLEOperations.h */,
				AADAF9371B2749BC00C942D8 /* BLEOperations.m */,
				AADAF9381B2749BC00C942D8 /* DFUHelper.h */,
				AADAF9391B2749BC00C942D8 /* DFUHelper.m */,
				AADAF93A1B2749BC00C942D8 /* DFUOperations.h */,
				AADAF93B1B2749BC00C942D8 /* DFUOperations.m */,
				AADAF93C1B2749BC00C942D8 /* DFUOperationsDetails.h */,
				AADAF93D1B2749BC00C942D8 /* DFUOperationsDetails.m */,
				AADAF93E1B2749BC00C942D8 /* FileOperations.h */,
				AADAF93F1B2749BC00C942D8 /* FileOperations.m */,
			);
			path = "DFU Implementation";
			sourceTree = "<group>";
		};
		AADAF9401B2749BC00C942D8 /* File Selection */ = {
			isa = PBXGroup;
			children = (
				AADAF9411B2749BC00C942D8 /* AccessFileSystem.h */,
				AADAF9421B2749BC00C942D8 /* AccessFileSystem.m */,
			);
			path = "File Selection";
			sourceTree = "<group>";
		};
		AADAF9431B2749BC00C942D8 /* Hex to Bin Converter */ = {
			isa = PBXGroup;
			children = (
				AADAF9441B2749BC00C942D8 /* IntelHex2BinConverter.h */,
				AADAF9451B2749BC00C942D8 /* IntelHex2BinConverter.m */,
			);
			path = "Hex to Bin Converter";
			sourceTree = "<group>";
		};
		AADAF9461B2749BC00C942D8 /* JSON Parser */ = {
			isa = PBXGroup;
			children = (
				AADAF9471B2749BC00C942D8 /* InitData.h */,
				AADAF9481B2749BC00C942D8 /* InitData.m */,
				AADAF9491B2749BC00C942D8 /* JsonParser.h */,
				AADAF94A1B2749BC00C942D8 /* JsonParser.m */,
			);
			path = "JSON Parser";
			sourceTree = "<group>";
		};
		AADAF9501B2749BC00C942D8 /* Unzip */ = {
			isa = PBXGroup;
			children = (
				AADAF9511B2749BC00C942D8 /* SSZipArchive */,
				AADAF95E1B2749BC00C942D8 /* UnzipFirmware.h */,
				AADAF95F1B2749BC00C942D8 /* UnzipFirmware.m */,
			);
			path = Unzip;
			sourceTree = "<group>";
		};
		AADAF9511B2749BC00C942D8 /* SSZipArchive */ = {
			isa = PBXGroup;
			children = (
				AADAF9521B2749BC00C942D8 /* minizip */,
				AADAF95C1B2749BC00C942D8 /* SSZipArchive.h */,
				AADAF95D1B2749BC00C942D8 /* SSZipArchive.m */,
			);
			path = SSZipArchive;
			sourceTree = "<group>";
		};
		AADAF9521B2749BC00C942D8 /* minizip */ = {
			isa = PBXGroup;
			children = (
				AADAF9531B2749BC00C942D8 /* crypt.h */,
				AADAF9541B2749BC00C942D8 /* ioapi.c */,
				AADAF9551B2749BC00C942D8 /* ioapi.h */,
				AADAF9561B2749BC00C942D8 /* mztools.c */,
				AADAF9571B2749BC00C942D8 /* mztools.h */,
				AADAF9581B2749BC00C942D8 /* unzip.c */,
				AADAF9591B2749BC00C942D8 /* unzip.h */,
				AADAF95A1B2749BC00C942D8 /* zip.c */,
				AADAF95B1B2749BC00C942D8 /* zip.h */,
			);
			path = minizip;
			sourceTree = "<group>";
		};
/* End PBXGroup section */

/* Begin PBXNativeTarget section */
		AA603B4A17BDD9B200255E8D /* simbleeServo */ = {
			isa = PBXNativeTarget;
			buildConfigurationList = AA603B6817BDD9B200255E8D /* Build configuration list for PBXNativeTarget "simbleeServo" */;
			buildPhases = (
				AA603B4717BDD9B200255E8D /* Sources */,
				AA603B4817BDD9B200255E8D /* Frameworks */,
				AA603B4917BDD9B200255E8D /* Resources */,
			);
			buildRules = (
			);
			dependencies = (
			);
			name = simbleeServo;
			productName = simbleeServo;
			productReference = AA603B4B17BDD9B200255E8D /* simbleeServo.app */;
			productType = "com.apple.product-type.application";
		};
/* End PBXNativeTarget section */

/* Begin PBXProject section */
		AA603B4317BDD9B200255E8D /* Project object */ = {
			isa = PBXProject;
			attributes = {
				LastUpgradeCheck = 0700;
				ORGANIZATIONNAME = "RF Digital Corp";
				TargetAttributes = {
					AA603B4A17BDD9B200255E8D = {
						DevelopmentTeam = 39F27B5S62;
					};
				};
			};
			buildConfigurationList = AA603B4617BDD9B200255E8D /* Build configuration list for PBXProject "simbleeServo" */;
			compatibilityVersion = "Xcode 3.2";
			developmentRegion = English;
			hasScannedForEncodings = 0;
			knownRegions = (
				en,
			);
			mainGroup = AA603B4217BDD9B200255E8D;
			productRefGroup = AA603B4C17BDD9B200255E8D /* Products */;
			projectDirPath = "";
			projectRoot = "";
			targets = (
				AA603B4A17BDD9B200255E8D /* simbleeServo */,
			);
		};
/* End PBXProject section */

/* Begin PBXResourcesBuildPhase section */
		AA603B4917BDD9B200255E8D /* Resources */ = {
			isa = PBXResourcesBuildPhase;
			buildActionMask = 2147483647;
			files = (
				AADAF98D1B2749BC00C942D8 /* ReconnectViewController.xib in Resources */,
				AA603B5917BDD9B200255E8D /* InfoPlist.strings in Resources */,
				AA603B8117BDDA2A00255E8D /* AppViewController.xib in Resources */,
				AA1FD2761B2D28C300764C66 /* Images.xcassets in Resources */,
				AADAF9911B2749BC00C942D8 /* signal2.png in Resources */,
				AADAF9771B2749BC00C942D8 /* lock.png in Resources */,
				AADAF98F1B2749BC00C942D8 /* signal0.png in Resources */,
				AA55F4A21B31D78100C2F560 /* Settings.save.bundle in Resources */,
				AADAF9901B2749BC00C942D8 /* signal1.png in Resources */,
				AADAF9921B2749BC00C942D8 /* signal3.png in Resources */,
				AADAF9841B2749BC00C942D8 /* OTABootloaderViewController.xib in Resources */,
				AADAF9981B2749BC00C942D8 /* unlock.png in Resources */,
				AADAF9761B2749BC00C942D8 /* disconnect.png in Resources */,
				AA55F4A61B31D79E00C2F560 /* Settings.bundle in Resources */,
			);
			runOnlyForDeploymentPostprocessing = 0;
		};
/* End PBXResourcesBuildPhase section */

/* Begin PBXSourcesBuildPhase section */
		AA603B4717BDD9B200255E8D /* Sources */ = {
			isa = PBXSourcesBuildPhase;
			buildActionMask = 2147483647;
			files = (
				AADAF9951B2749BC00C942D8 /* Simblee.m in Sources */,
				AADAF9971B2749BC00C942D8 /* UIAlertViewBlock.m in Sources */,
				AADAF9A41B274A5A00C942D8 /* AppDelegate.m in Sources */,
				AADAF9811B2749BC00C942D8 /* JsonParser.m in Sources */,
				AADAF98C1B2749BC00C942D8 /* ReconnectViewController.m in Sources */,
				AADAF9781B2749BC00C942D8 /* Utility.m in Sources */,
				AADAF9871B2749BC00C942D8 /* mztools.c in Sources */,
				AADAF9891B2749BC00C942D8 /* zip.c in Sources */,
				AADAF98E1B2749BC00C942D8 /* ScanViewController.m in Sources */,
				AADAF98A1B2749BC00C942D8 /* SSZipArchive.m in Sources */,
				AADAF97D1B2749BC00C942D8 /* FileOperations.m in Sources */,
				AADAF97A1B2749BC00C942D8 /* DFUHelper.m in Sources */,
				AADAF97C1B2749BC00C942D8 /* DFUOperationsDetails.m in Sources */,
				AADAF9751B2749BC00C942D8 /* CustomCellBackground.m in Sources */,
				AADAF9991B2749BC00C942D8 /* Util.m in Sources */,
				AADAF98B1B2749BC00C942D8 /* UnzipFirmware.m in Sources */,
				AA603B5B17BDD9B200255E8D /* main.m in Sources */,
				AADAF97F1B2749BC00C942D8 /* IntelHex2BinConverter.m in Sources */,
				AADAF9961B2749BC00C942D8 /* SimbleeManager.m in Sources */,
				AADAF97E1B2749BC00C942D8 /* AccessFileSystem.m in Sources */,
				AADAF9861B2749BC00C942D8 /* ioapi.c in Sources */,
				AADAF9881B2749BC00C942D8 /* unzip.c in Sources */,
				AADAF9791B2749BC00C942D8 /* BLEOperations.m in Sources */,
				AADAF9831B2749BC00C942D8 /* OTABootloaderViewController.m in Sources */,
				AAEF68161B2FC92400991808 /* ScanViewRow.m in Sources */,
				AA55F4A41B31D79200C2F560 /* DLog.m in Sources */,
				AA603B8017BDDA2A00255E8D /* AppViewController.m in Sources */,
				AADAF97B1B2749BC00C942D8 /* DFUOperations.m in Sources */,
				AADAF9801B2749BC00C942D8 /* InitData.m in Sources */,
			);
			runOnlyForDeploymentPostprocessing = 0;
		};
/* End PBXSourcesBuildPhase section */

/* Begin PBXVariantGroup section */
		AA603B5717BDD9B200255E8D /* InfoPlist.strings */ = {
			isa = PBXVariantGroup;
			children = (
				AA603B5817BDD9B200255E8D /* en */,
			);
			name = InfoPlist.strings;
			sourceTree = "<group>";
		};
/* End PBXVariantGroup section */

/* Begin XCBuildConfiguration section */
		AA603B6617BDD9B200255E8D /* Debug */ = {
			isa = XCBuildConfiguration;
			buildSettings = {
				ALWAYS_SEARCH_USER_PATHS = NO;
				CLANG_CXX_LANGUAGE_STANDARD = "gnu++0x";
				CLANG_CXX_LIBRARY = "libc++";
				CLANG_ENABLE_OBJC_ARC = YES;
				CLANG_WARN_CONSTANT_CONVERSION = YES;
				CLANG_WARN_EMPTY_BODY = YES;
				CLANG_WARN_ENUM_CONVERSION = YES;
				CLANG_WARN_INT_CONVERSION = YES;
				CLANG_WARN__DUPLICATE_METHOD_MATCH = YES;
				"CODE_SIGN_IDENTITY[sdk=iphoneos*]" = "iPhone Developer";
				COPY_PHASE_STRIP = NO;
				ENABLE_TESTABILITY = YES;
				GCC_C_LANGUAGE_STANDARD = gnu99;
				GCC_DYNAMIC_NO_PIC = NO;
				GCC_OPTIMIZATION_LEVEL = 0;
				GCC_PREPROCESSOR_DEFINITIONS = (
					"DEBUG=1",
					"$(inherited)",
				);
				GCC_SYMBOLS_PRIVATE_EXTERN = NO;
				GCC_WARN_ABOUT_RETURN_TYPE = YES;
				GCC_WARN_UNINITIALIZED_AUTOS = YES;
				GCC_WARN_UNUSED_VARIABLE = YES;
				IPHONEOS_DEPLOYMENT_TARGET = 7.0;
				ONLY_ACTIVE_ARCH = YES;
				SDKROOT = iphoneos;
				TARGETED_DEVICE_FAMILY = "1,2";
			};
			name = Debug;
		};
		AA603B6717BDD9B200255E8D /* Release */ = {
			isa = XCBuildConfiguration;
			buildSettings = {
				ALWAYS_SEARCH_USER_PATHS = NO;
				CLANG_CXX_LANGUAGE_STANDARD = "gnu++0x";
				CLANG_CXX_LIBRARY = "libc++";
				CLANG_ENABLE_OBJC_ARC = YES;
				CLANG_WARN_CONSTANT_CONVERSION = YES;
				CLANG_WARN_EMPTY_BODY = YES;
				CLANG_WARN_ENUM_CONVERSION = YES;
				CLANG_WARN_INT_CONVERSION = YES;
				CLANG_WARN__DUPLICATE_METHOD_MATCH = YES;
				"CODE_SIGN_IDENTITY[sdk=iphoneos*]" = "iPhone Developer";
				COPY_PHASE_STRIP = YES;
				GCC_C_LANGUAGE_STANDARD = gnu99;
				GCC_WARN_ABOUT_RETURN_TYPE = YES;
				GCC_WARN_UNINITIALIZED_AUTOS = YES;
				GCC_WARN_UNUSED_VARIABLE = YES;
				IPHONEOS_DEPLOYMENT_TARGET = 7.0;
				OTHER_CFLAGS = "-DNS_BLOCK_ASSERTIONS=1";
				SDKROOT = iphoneos;
				TARGETED_DEVICE_FAMILY = "1,2";
				VALIDATE_PRODUCT = YES;
			};
			name = Release;
		};
		AA603B6917BDD9B200255E8D /* Debug */ = {
			isa = XCBuildConfiguration;
			buildSettings = {
				ASSETCATALOG_COMPILER_APPICON_NAME = AppIcon;
				ASSETCATALOG_COMPILER_LAUNCHIMAGE_NAME = LaunchImage;
				CODE_SIGN_IDENTITY = "iPhone Developer";
				GCC_PRECOMPILE_PREFIX_HEADER = YES;
				GCC_PREFIX_HEADER = "simbleeServo/simbleeServo-Prefix.pch";
				INFOPLIST_FILE = "simbleeServo/simbleeServo-Info.plist";
				IPHONEOS_DEPLOYMENT_TARGET = 7.0;
				LIBRARY_SEARCH_PATHS = "$(inherited)";
				PRODUCT_BUNDLE_IDENTIFIER = "com.Simblee.$(PRODUCT_NAME:rfc1034identifier)";
				PRODUCT_NAME = simbleeServo;
				TARGETED_DEVICE_FAMILY = "1,2";
				WRAPPER_EXTENSION = app;
			};
			name = Debug;
		};
		AA603B6A17BDD9B200255E8D /* Release */ = {
			isa = XCBuildConfiguration;
			buildSettings = {
				ASSETCATALOG_COMPILER_APPICON_NAME = AppIcon;
				ASSETCATALOG_COMPILER_LAUNCHIMAGE_NAME = LaunchImage;
				CODE_SIGN_IDENTITY = "iPhone Developer";
				GCC_PRECOMPILE_PREFIX_HEADER = YES;
				GCC_PREFIX_HEADER = "simbleeServo/simbleeServo-Prefix.pch";
				INFOPLIST_FILE = "simbleeServo/simbleeServo-Info.plist";
				IPHONEOS_DEPLOYMENT_TARGET = 7.0;
				LIBRARY_SEARCH_PATHS = "$(inherited)";
				PRODUCT_BUNDLE_IDENTIFIER = "com.Simblee.$(PRODUCT_NAME:rfc1034identifier)";
				PRODUCT_NAME = simbleeServo;
				TARGETED_DEVICE_FAMILY = "1,2";
				WRAPPER_EXTENSION = app;
			};
			name = Release;
		};
/* End XCBuildConfiguration section */

/* Begin XCConfigurationList section */
		AA603B4617BDD9B200255E8D /* Build configuration list for PBXProject "simbleeServo" */ = {
			isa = XCConfigurationList;
			buildConfigurations = (
				AA603B6617BDD9B200255E8D /* Debug */,
				AA603B6717BDD9B200255E8D /* Release */,
			);
			defaultConfigurationIsVisible = 0;
			defaultConfigurationName = Release;
		};
		AA603B6817BDD9B200255E8D /* Build configuration list for PBXNativeTarget "simbleeServo" */ = {
			isa = XCConfigurationList;
			buildConfigurations = (
				AA603B6917BDD9B200255E8D /* Debug */,
				AA603B6A17BDD9B200255E8D /* Release */,
			);
			defaultConfigurationIsVisible = 0;
			defaultConfigurationName = Release;
		};
/* End XCConfigurationList section */
	};
	rootObject = AA603B4317BDD9B200255E8D /* Project object */;
}
